
Microsoft Visual Studio Solution File, Format Version 12.00
# Visual Studio Version 16
VisualStudioVersion = 16.0.29102.190
MinimumVisualStudioVersion = 10.0.40219.1
Project("{FAE04EC0-301F-11D3-BF4B-00C04F79EFBC}") = "WebApplication1", "WebApplication1\WebApplication1.csproj", "{C3E13B6F-1D97-4112-B812-1D1821668809}"
EndProject
Global
	GlobalSection(SolutionConfigurationPlatforms) = preSolution
		Debug|Any CPU = Debug|Any CPU
		Release|Any CPU = Release|Any CPU
	EndGlobalSection
	GlobalSection(ProjectConfigurationPlatforms) = postSolution
		{C3E13B6F-1D97-4112-B812-1D1821668809}.Debug|Any CPU.ActiveCfg = Debug|Any CPU
		{C3E13B6F-1D97-4112-B812-1D1821668809}.Debug|Any CPU.Build.0 = Debug|Any CPU
		{C3E13B6F-1D97-4112-B812-1D1821668809}.Release|Any CPU.ActiveCfg = Release|Any CPU
		{C3E13B6F-1D97-4112-B812-1D1821668809}.Release|Any CPU.Build.0 = Release|Any CPU
	EndGlobalSection
	GlobalSection(SolutionProperties) = preSolution
		HideSolutionNode = FALSE
	EndGlobalSection
	GlobalSection(ExtensibilityGlobals) = postSolution
		SolutionGuid = {6E19D373-AAFB-44AD-8B74-DD3482B5FF37}
	EndGlobalSection
EndGlobal
